
Microsoft Visual Studio Solution File, Format Version 12.00
# Visual Studio Version 17
VisualStudioVersion = 17.9.34714.143
MinimumVisualStudioVersion = 10.0.40219.1
Project("{FAE04EC0-301F-11D3-BF4B-00C04F79EFBC}") = "API", "API\API.csproj", "{2631D1B1-6250-4AE4-937D-CA9642632C73}"
EndProject
Project("{FAE04EC0-301F-11D3-BF4B-00C04F79EFBC}") = "Application", "Application\Application.csproj", "{718E7580-C2E2-4085-AA7C-965CFD021AC1}"
EndProject
Project("{FAE04EC0-301F-11D3-BF4B-00C04F79EFBC}") = "Domain", "Domain\Domain.csproj", "{2B53BD7F-26EA-466C-A191-BA331017A6E3}"
EndProject
Project("{FAE04EC0-301F-11D3-BF4B-00C04F79EFBC}") = "Infrastructure", "Infrastructure\Infrastructure.csproj", "{A45F8F46-0373-487D-B371-010922B4BF0B}"
EndProject
Project("{FAE04EC0-301F-11D3-BF4B-00C04F79EFBC}") = "Persistence", "Persistence\Persistence.csproj", "{EDD3F9B5-6D12-4C09-B611-C35C58B9E4E8}"
EndProject
Global
	GlobalSection(SolutionConfigurationPlatforms) = preSolution
		Debug|Any CPU = Debug|Any CPU
		Release|Any CPU = Release|Any CPU
	EndGlobalSection
	GlobalSection(ProjectConfigurationPlatforms) = postSolution
		{2631D1B1-6250-4AE4-937D-CA9642632C73}.Debug|Any CPU.ActiveCfg = Debug|Any CPU
		{2631D1B1-6250-4AE4-937D-CA9642632C73}.Debug|Any CPU.Build.0 = Debug|Any CPU
		{2631D1B1-6250-4AE4-937D-CA9642632C73}.Release|Any CPU.ActiveCfg = Release|Any CPU
		{2631D1B1-6250-4AE4-937D-CA9642632C73}.Release|Any CPU.Build.0 = Release|Any CPU
		{718E7580-C2E2-4085-AA7C-965CFD021AC1}.Debug|Any CPU.ActiveCfg = Debug|Any CPU
		{718E7580-C2E2-4085-AA7C-965CFD021AC1}.Debug|Any CPU.Build.0 = Debug|Any CPU
		{718E7580-C2E2-4085-AA7C-965CFD021AC1}.Release|Any CPU.ActiveCfg = Release|Any CPU
		{718E7580-C2E2-4085-AA7C-965CFD021AC1}.Release|Any CPU.Build.0 = Release|Any CPU
		{2B53BD7F-26EA-466C-A191-BA331017A6E3}.Debug|Any CPU.ActiveCfg = Debug|Any CPU
		{2B53BD7F-26EA-466C-A191-BA331017A6E3}.Debug|Any CPU.Build.0 = Debug|Any CPU
		{2B53BD7F-26EA-466C-A191-BA331017A6E3}.Release|Any CPU.ActiveCfg = Release|Any CPU
		{2B53BD7F-26EA-466C-A191-BA331017A6E3}.Release|Any CPU.Build.0 = Release|Any CPU
		{A45F8F46-0373-487D-B371-010922B4BF0B}.Debug|Any CPU.ActiveCfg = Debug|Any CPU
		{A45F8F46-0373-487D-B371-010922B4BF0B}.Debug|Any CPU.Build.0 = Debug|Any CPU
		{A45F8F46-0373-487D-B371-010922B4BF0B}.Release|Any CPU.ActiveCfg = Release|Any CPU
		{A45F8F46-0373-487D-B371-010922B4BF0B}.Release|Any CPU.Build.0 = Release|Any CPU
		{EDD3F9B5-6D12-4C09-B611-C35C58B9E4E8}.Debug|Any CPU.ActiveCfg = Debug|Any CPU
		{EDD3F9B5-6D12-4C09-B611-C35C58B9E4E8}.Debug|Any CPU.Build.0 = Debug|Any CPU
		{EDD3F9B5-6D12-4C09-B611-C35C58B9E4E8}.Release|Any CPU.ActiveCfg = Release|Any CPU
		{EDD3F9B5-6D12-4C09-B611-C35C58B9E4E8}.Release|Any CPU.Build.0 = Release|Any CPU
	EndGlobalSection
	GlobalSection(SolutionProperties) = preSolution
		HideSolutionNode = FALSE
	EndGlobalSection
	GlobalSection(ExtensibilityGlobals) = postSolution
		SolutionGuid = {95FD509D-54E7-428F-88B3-02D09EF75E43}
	EndGlobalSection
EndGlobal
